// !$*UTF8*$!
{
	archiveVersion = 1;
	classes = {
	};
	objectVersion = 56;
	objects = {

/* Begin PBXBuildFile section */
		CC0BB12A2A4468DE0014D696 /* RealityKitContent in Frameworks */ = {isa = PBXBuildFile; productRef = CC0BB1292A4468DE0014D696 /* RealityKitContent */; };
		CC0BB12C2A4468DE0014D696 /* Bipi__Vision_EditionApp.swift in Sources */ = {isa = PBXBuildFile; fileRef = CC0BB12B2A4468DE0014D696 /* Bipi__Vision_EditionApp.swift */; };
		CC0BB12E2A4468DE0014D696 /* ContentView.swift in Sources */ = {isa = PBXBuildFile; fileRef = CC0BB12D2A4468DE0014D696 /* ContentView.swift */; };
		CC0BB1302A4468DF0014D696 /* Assets.xcassets in Resources */ = {isa = PBXBuildFile; fileRef = CC0BB12F2A4468DF0014D696 /* Assets.xcassets */; };
		CC0BB1332A4468DF0014D696 /* Preview Assets.xcassets in Resources */ = {isa = PBXBuildFile; fileRef = CC0BB1322A4468DF0014D696 /* Preview Assets.xcassets */; };
		CC0BB13D2A4468DF0014D696 /* Bipi__Vision_EditionTests.swift in Sources */ = {isa = PBXBuildFile; fileRef = CC0BB13C2A4468DF0014D696 /* Bipi__Vision_EditionTests.swift */; };
		CC0BB1472A44696F0014D696 /* BpmTapper.swift in Sources */ = {isa = PBXBuildFile; fileRef = CC0BB1462A44696F0014D696 /* BpmTapper.swift */; };
/* End PBXBuildFile section */

/* Begin PBXContainerItemProxy section */
		CC0BB1392A4468DF0014D696 /* PBXContainerItemProxy */ = {
			isa = PBXContainerItemProxy;
			containerPortal = CC0BB11C2A4468DE0014D696 /* Project object */;
			proxyType = 1;
			remoteGlobalIDString = CC0BB1232A4468DE0014D696;
			remoteInfo = "Bipi! Vision Edition";
		};
/* End PBXContainerItemProxy section */

/* Begin PBXFileReference section */
		CC0BB1242A4468DE0014D696 /* Bipi! Vision Edition.app */ = {isa = PBXFileReference; explicitFileType = wrapper.application; includeInIndex = 0; path = "Bipi! Vision Edition.app"; sourceTree = BUILT_PRODUCTS_DIR; };
		CC0BB1282A4468DE0014D696 /* RealityKitContent */ = {isa = PBXFileReference; lastKnownFileType = wrapper; path = RealityKitContent; sourceTree = "<group>"; };
		CC0BB12B2A4468DE0014D696 /* Bipi__Vision_EditionApp.swift */ = {isa = PBXFileReference; lastKnownFileType = sourcecode.swift; path = Bipi__Vision_EditionApp.swift; sourceTree = "<group>"; };
		CC0BB12D2A4468DE0014D696 /* ContentView.swift */ = {isa = PBXFileReference; lastKnownFileType = sourcecode.swift; path = ContentView.swift; sourceTree = "<group>"; };
		CC0BB12F2A4468DF0014D696 /* Assets.xcassets */ = {isa = PBXFileReference; lastKnownFileType = folder.assetcatalog; path = Assets.xcassets; sourceTree = "<group>"; };
		CC0BB1322A4468DF0014D696 /* Preview Assets.xcassets */ = {isa = PBXFileReference; lastKnownFileType = folder.assetcatalog; path = "Preview Assets.xcassets"; sourceTree = "<group>"; };
		CC0BB1382A4468DF0014D696 /* Bipi! Vision EditionTests.xctest */ = {isa = PBXFileReference; explicitFileType = wrapper.cfbundle; includeInIndex = 0; path = "Bipi! Vision EditionTests.xctest"; sourceTree = BUILT_PRODUCTS_DIR; };
		CC0BB13C2A4468DF0014D696 /* Bipi__Vision_EditionTests.swift */ = {isa = PBXFileReference; lastKnownFileType = sourcecode.swift; path = Bipi__Vision_EditionTests.swift; sourceTree = "<group>"; };
		CC0BB1462A44696F0014D696 /* BpmTapper.swift */ = {isa = PBXFileReference; lastKnownFileType = sourcecode.swift; path = BpmTapper.swift; sourceTree = "<group>"; };
/* End PBXFileReference section */

/* Begin PBXFrameworksBuildPhase section */
		CC0BB1212A4468DE0014D696 /* Frameworks */ = {
			isa = PBXFrameworksBuildPhase;
			buildActionMask = 2147483647;
			files = (
				CC0BB12A2A4468DE0014D696 /* RealityKitContent in Frameworks */,
			);
			runOnlyForDeploymentPostprocessing = 0;
		};
		CC0BB1352A4468DF0014D696 /* Frameworks */ = {
			isa = PBXFrameworksBuildPhase;
			buildActionMask = 2147483647;
			files = (
			);
			runOnlyForDeploymentPostprocessing = 0;
		};
/* End PBXFrameworksBuildPhase section */

/* Begin PBXGroup section */
		CC0BB11B2A4468DE0014D696 = {
			isa = PBXGroup;
			children = (
				CC0BB1262A4468DE0014D696 /* Bipi! Vision Edition */,
				CC0BB1272A4468DE0014D696 /* Packages */,
				CC0BB13B2A4468DF0014D696 /* Bipi! Vision EditionTests */,
				CC0BB1252A4468DE0014D696 /* Products */,
			);
			sourceTree = "<group>";
		};
		CC0BB1252A4468DE0014D696 /* Products */ = {
			isa = PBXGroup;
			children = (
				CC0BB1242A4468DE0014D696 /* Bipi! Vision Edition.app */,
				CC0BB1382A4468DF0014D696 /* Bipi! Vision EditionTests.xctest */,
			);
			name = Products;
			sourceTree = "<group>";
		};
		CC0BB1262A4468DE0014D696 /* Bipi! Vision Edition */ = {
			isa = PBXGroup;
			children = (
				CC0BB12B2A4468DE0014D696 /* Bipi__Vision_EditionApp.swift */,
				CC0BB12D2A4468DE0014D696 /* ContentView.swift */,
				CC0BB1462A44696F0014D696 /* BpmTapper.swift */,
				CC0BB12F2A4468DF0014D696 /* Assets.xcassets */,
				CC0BB1312A4468DF0014D696 /* Preview Content */,
			);
			path = "Bipi! Vision Edition";
			sourceTree = "<group>";
		};
		CC0BB1272A4468DE0014D696 /* Packages */ = {
			isa = PBXGroup;
			children = (
				CC0BB1282A4468DE0014D696 /* RealityKitContent */,
			);
			path = Packages;
			sourceTree = "<group>";
		};
		CC0BB1312A4468DF0014D696 /* Preview Content */ = {
			isa = PBXGroup;
			children = (
				CC0BB1322A4468DF0014D696 /* Preview Assets.xcassets */,
			);
			path = "Preview Content";
			sourceTree = "<group>";
		};
		CC0BB13B2A4468DF0014D696 /* Bipi! Vision EditionTests */ = {
			isa = PBXGroup;
			children = (
				CC0BB13C2A4468DF0014D696 /* Bipi__Vision_EditionTests.swift */,
			);
			path = "Bipi! Vision EditionTests";
			sourceTree = "<group>";
		};
/* End PBXGroup section */

/* Begin PBXNativeTarget section */
		CC0BB1232A4468DE0014D696 /* Bipi! Vision Edition */ = {
			isa = PBXNativeTarget;
			buildConfigurationList = CC0BB1402A4468DF0014D696 /* Build configuration list for PBXNativeTarget "Bipi! Vision Edition" */;
			buildPhases = (
				CC0BB1202A4468DE0014D696 /* Sources */,
				CC0BB1212A4468DE0014D696 /* Frameworks */,
				CC0BB1222A4468DE0014D696 /* Resources */,
			);
			buildRules = (
			);
			dependencies = (
			);
			name = "Bipi! Vision Edition";
			packageProductDependencies = (
				CC0BB1292A4468DE0014D696 /* RealityKitContent */,
			);
			productName = "Bipi! Vision Edition";
			productReference = CC0BB1242A4468DE0014D696 /* Bipi! Vision Edition.app */;
			productType = "com.apple.product-type.application";
		};
		CC0BB1372A4468DF0014D696 /* Bipi! Vision EditionTests */ = {
			isa = PBXNativeTarget;
			buildConfigurationList = CC0BB1432A4468DF0014D696 /* Build configuration list for PBXNativeTarget "Bipi! Vision EditionTests" */;
			buildPhases = (
				CC0BB1342A4468DF0014D696 /* Sources */,
				CC0BB1352A4468DF0014D696 /* Frameworks */,
				CC0BB1362A4468DF0014D696 /* Resources */,
			);
			buildRules = (
			);
			dependencies = (
				CC0BB13A2A4468DF0014D696 /* PBXTargetDependency */,
			);
			name = "Bipi! Vision EditionTests";
			productName = "Bipi! Vision EditionTests";
			productReference = CC0BB1382A4468DF0014D696 /* Bipi! Vision EditionTests.xctest */;
			productType = "com.apple.product-type.bundle.unit-test";
		};
/* End PBXNativeTarget section */

/* Begin PBXProject section */
		CC0BB11C2A4468DE0014D696 /* Project object */ = {
			isa = PBXProject;
			attributes = {
				BuildIndependentTargetsInParallel = 1;
				LastSwiftUpdateCheck = 1500;
				LastUpgradeCheck = 1500;
				TargetAttributes = {
					CC0BB1232A4468DE0014D696 = {
						CreatedOnToolsVersion = 15.0;
					};
					CC0BB1372A4468DF0014D696 = {
						CreatedOnToolsVersion = 15.0;
						TestTargetID = CC0BB1232A4468DE0014D696;
					};
				};
			};
			buildConfigurationList = CC0BB11F2A4468DE0014D696 /* Build configuration list for PBXProject "Bipi! Vision Edition" */;
			compatibilityVersion = "Xcode 14.0";
			developmentRegion = en;
			hasScannedForEncodings = 0;
			knownRegions = (
				en,
				Base,
			);
			mainGroup = CC0BB11B2A4468DE0014D696;
			productRefGroup = CC0BB1252A4468DE0014D696 /* Products */;
			projectDirPath = "";
			projectRoot = "";
			targets = (
				CC0BB1232A4468DE0014D696 /* Bipi! Vision Edition */,
				CC0BB1372A4468DF0014D696 /* Bipi! Vision EditionTests */,
			);
		};
/* End PBXProject section */

/* Begin PBXResourcesBuildPhase section */
		CC0BB1222A4468DE0014D696 /* Resources */ = {
			isa = PBXResourcesBuildPhase;
			buildActionMask = 2147483647;
			files = (
				CC0BB1332A4468DF0014D696 /* Preview Assets.xcassets in Resources */,
				CC0BB1302A4468DF0014D696 /* Assets.xcassets in Resources */,
			);
			runOnlyForDeploymentPostprocessing = 0;
		};
		CC0BB1362A4468DF0014D696 /* Resources */ = {
			isa = PBXResourcesBuildPhase;
			buildActionMask = 2147483647;
			files = (
			);
			runOnlyForDeploymentPostprocessing = 0;
		};
/* End PBXResourcesBuildPhase section */

/* Begin PBXSourcesBuildPhase section */
		CC0BB1202A4468DE0014D696 /* Sources */ = {
			isa = PBXSourcesBuildPhase;
			buildActionMask = 2147483647;
			files = (
				CC0BB12E2A4468DE0014D696 /* ContentView.swift in Sources */,
				CC0BB12C2A4468DE0014D696 /* Bipi__Vision_EditionApp.swift in Sources */,
				CC0BB1472A44696F0014D696 /* BpmTapper.swift in Sources */,
			);
			runOnlyForDeploymentPostprocessing = 0;
		};
		CC0BB1342A4468DF0014D696 /* Sources */ = {
			isa = PBXSourcesBuildPhase;
			buildActionMask = 2147483647;
			files = (
				CC0BB13D2A4468DF0014D696 /* Bipi__Vision_EditionTests.swift in Sources */,
			);
			runOnlyForDeploymentPostprocessing = 0;
		};
/* End PBXSourcesBuildPhase section */

/* Begin PBXTargetDependency section */
		CC0BB13A2A4468DF0014D696 /* PBXTargetDependency */ = {
			isa = PBXTargetDependency;
			target = CC0BB1232A4468DE0014D696 /* Bipi! Vision Edition */;
			targetProxy = CC0BB1392A4468DF0014D696 /* PBXContainerItemProxy */;
		};
/* End PBXTargetDependency section */

/* Begin XCBuildConfiguration section */
		CC0BB13E2A4468DF0014D696 /* Debug */ = {
			isa = XCBuildConfiguration;
			buildSettings = {
				ALWAYS_SEARCH_USER_PATHS = NO;
				ASSETCATALOG_COMPILER_GENERATE_SWIFT_ASSET_SYMBOL_EXTENSIONS = YES;
				CLANG_ANALYZER_NONNULL = YES;
				CLANG_ANALYZER_NUMBER_OBJECT_CONVERSION = YES_AGGRESSIVE;
				CLANG_CXX_LANGUAGE_STANDARD = "gnu++20";
				CLANG_ENABLE_MODULES = YES;
				CLANG_ENABLE_OBJC_ARC = YES;
				CLANG_ENABLE_OBJC_WEAK = YES;
				CLANG_WARN_BLOCK_CAPTURE_AUTORELEASING = YES;
				CLANG_WARN_BOOL_CONVERSION = YES;
				CLANG_WARN_COMMA = YES;
				CLANG_WARN_CONSTANT_CONVERSION = YES;
				CLANG_WARN_DEPRECATED_OBJC_IMPLEMENTATIONS = YES;
				CLANG_WARN_DIRECT_OBJC_ISA_USAGE = YES_ERROR;
				CLANG_WARN_DOCUMENTATION_COMMENTS = YES;
				CLANG_WARN_EMPTY_BODY = YES;
				CLANG_WARN_ENUM_CONVERSION = YES;
				CLANG_WARN_INFINITE_RECURSION = YES;
				CLANG_WARN_INT_CONVERSION = YES;
				CLANG_WARN_NON_LITERAL_NULL_CONVERSION = YES;
				CLANG_WARN_OBJC_IMPLICIT_RETAIN_SELF = YES;
				CLANG_WARN_OBJC_LITERAL_CONVERSION = YES;
				CLANG_WARN_OBJC_ROOT_CLASS = YES_ERROR;
				CLANG_WARN_QUOTED_INCLUDE_IN_FRAMEWORK_HEADER = YES;
				CLANG_WARN_RANGE_LOOP_ANALYSIS = YES;
				CLANG_WARN_STRICT_PROTOTYPES = YES;
				CLANG_WARN_SUSPICIOUS_MOVE = YES;
				CLANG_WARN_UNGUARDED_AVAILABILITY = YES_AGGRESSIVE;
				CLANG_WARN_UNREACHABLE_CODE = YES;
				CLANG_WARN__DUPLICATE_METHOD_MATCH = YES;
				COPY_PHASE_STRIP = NO;
				DEBUG_INFORMATION_FORMAT = dwarf;
				ENABLE_STRICT_OBJC_MSGSEND = YES;
				ENABLE_TESTABILITY = YES;
				ENABLE_USER_SCRIPT_SANDBOXING = YES;
				GCC_C_LANGUAGE_STANDARD = gnu17;
				GCC_DYNAMIC_NO_PIC = NO;
				GCC_NO_COMMON_BLOCKS = YES;
				GCC_OPTIMIZATION_LEVEL = 0;
				GCC_PREPROCESSOR_DEFINITIONS = (
					"DEBUG=1",
					"$(inherited)",
				);
				GCC_WARN_64_TO_32_BIT_CONVERSION = YES;
				GCC_WARN_ABOUT_RETURN_TYPE = YES_ERROR;
				GCC_WARN_UNDECLARED_SELECTOR = YES;
				GCC_WARN_UNINITIALIZED_AUTOS = YES_AGGRESSIVE;
				GCC_WARN_UNUSED_FUNCTION = YES;
				GCC_WARN_UNUSED_VARIABLE = YES;
				LOCALIZATION_PREFERS_STRING_CATALOGS = YES;
				MTL_ENABLE_DEBUG_INFO = INCLUDE_SOURCE;
				MTL_FAST_MATH = YES;
				ONLY_ACTIVE_ARCH = YES;
				SDKROOT = xros;
				SWIFT_ACTIVE_COMPILATION_CONDITIONS = "DEBUG $(inherited)";
				SWIFT_OPTIMIZATION_LEVEL = "-Onone";
				XROS_DEPLOYMENT_TARGET = 1.0;
			};
			name = Debug;
		};
		CC0BB13F2A4468DF0014D696 /* Release */ = {
			isa = XCBuildConfiguration;
			buildSettings = {
				ALWAYS_SEARCH_USER_PATHS = NO;
				ASSETCATALOG_COMPILER_GENERATE_SWIFT_ASSET_SYMBOL_EXTENSIONS = YES;
				CLANG_ANALYZER_NONNULL = YES;
				CLANG_ANALYZER_NUMBER_OBJECT_CONVERSION = YES_AGGRESSIVE;
				CLANG_CXX_LANGUAGE_STANDARD = "gnu++20";
				CLANG_ENABLE_MODULES = YES;
				CLANG_ENABLE_OBJC_ARC = YES;
				CLANG_ENABLE_OBJC_WEAK = YES;
				CLANG_WARN_BLOCK_CAPTURE_AUTORELEASING = YES;
				CLANG_WARN_BOOL_CONVERSION = YES;
				CLANG_WARN_COMMA = YES;
				CLANG_WARN_CONSTANT_CONVERSION = YES;
				CLANG_WARN_DEPRECATED_OBJC_IMPLEMENTATIONS = YES;
				CLANG_WARN_DIRECT_OBJC_ISA_USAGE = YES_ERROR;
				CLANG_WARN_DOCUMENTATION_COMMENTS = YES;
				CLANG_WARN_EMPTY_BODY = YES;
				CLANG_WARN_ENUM_CONVERSION = YES;
				CLANG_WARN_INFINITE_RECURSION = YES;
				CLANG_WARN_INT_CONVERSION = YES;
				CLANG_WARN_NON_LITERAL_NULL_CONVERSION = YES;
				CLANG_WARN_OBJC_IMPLICIT_RETAIN_SELF = YES;
				CLANG_WARN_OBJC_LITERAL_CONVERSION = YES;
				CLANG_WARN_OBJC_ROOT_CLASS = YES_ERROR;
				CLANG_WARN_QUOTED_INCLUDE_IN_FRAMEWORK_HEADER = YES;
				CLANG_WARN_RANGE_LOOP_ANALYSIS = YES;
				CLANG_WARN_STRICT_PROTOTYPES = YES;
				CLANG_WARN_SUSPICIOUS_MOVE = YES;
				CLANG_WARN_UNGUARDED_AVAILABILITY = YES_AGGRESSIVE;
				CLANG_WARN_UNREACHABLE_CODE = YES;
				CLANG_WARN__DUPLICATE_METHOD_MATCH = YES;
				COPY_PHASE_STRIP = NO;
				DEBUG_INFORMATION_FORMAT = "dwarf-with-dsym";
				ENABLE_NS_ASSERTIONS = NO;
				ENABLE_STRICT_OBJC_MSGSEND = YES;
				ENABLE_USER_SCRIPT_SANDBOXING = YES;
				GCC_C_LANGUAGE_STANDARD = gnu17;
				GCC_NO_COMMON_BLOCKS = YES;
				GCC_WARN_64_TO_32_BIT_CONVERSION = YES;
				GCC_WARN_ABOUT_RETURN_TYPE = YES_ERROR;
				GCC_WARN_UNDECLARED_SELECTOR = YES;
				GCC_WARN_UNINITIALIZED_AUTOS = YES_AGGRESSIVE;
				GCC_WARN_UNUSED_FUNCTION = YES;
				GCC_WARN_UNUSED_VARIABLE = YES;
				LOCALIZATION_PREFERS_STRING_CATALOGS = YES;
				MTL_ENABLE_DEBUG_INFO = NO;
				MTL_FAST_MATH = YES;
				SDKROOT = xros;
				SWIFT_COMPILATION_MODE = wholemodule;
				VALIDATE_PRODUCT = YES;
				XROS_DEPLOYMENT_TARGET = 1.0;
			};
			name = Release;
		};
		CC0BB1412A4468DF0014D696 /* Debug */ = {
			isa = XCBuildConfiguration;
			buildSettings = {
				ASSETCATALOG_COMPILER_APPICON_NAME = AppIcon;
				ASSETCATALOG_COMPILER_GLOBAL_ACCENT_COLOR_NAME = AccentColor;
				CODE_SIGN_STYLE = Automatic;
				CURRENT_PROJECT_VERSION = 1;
				DEVELOPMENT_ASSET_PATHS = "\"Bipi! Vision Edition/Preview Content\"";
				DEVELOPMENT_TEAM = 3366448K3D;
				ENABLE_PREVIEWS = YES;
				GENERATE_INFOPLIST_FILE = YES;
				INFOPLIST_KEY_UIApplicationSceneManifest_Generation = YES;
				LD_RUNPATH_SEARCH_PATHS = (
					"$(inherited)",
					"@executable_path/Frameworks",
				);
				MARKETING_VERSION = 1.0;
				PRODUCT_BUNDLE_IDENTIFIER = "com.WildWildWeb.Bipi--Vision-Edition";
				PRODUCT_NAME = "$(TARGET_NAME)";
				SUPPORTED_PLATFORMS = "xros xrsimulator";
				SWIFT_EMIT_LOC_STRINGS = YES;
				SWIFT_VERSION = 5.0;
				TARGETED_DEVICE_FAMILY = "1,2,7";
			};
			name = Debug;
		};
		CC0BB1422A4468DF0014D696 /* Release */ = {
			isa = XCBuildConfiguration;
			buildSettings = {
				ASSETCATALOG_COMPILER_APPICON_NAME = AppIcon;
				ASSETCATALOG_COMPILER_GLOBAL_ACCENT_COLOR_NAME = AccentColor;
				CODE_SIGN_STYLE = Automatic;
				CURRENT_PROJECT_VERSION = 1;
				DEVELOPMENT_ASSET_PATHS = "\"Bipi! Vision Edition/Preview Content\"";
				DEVELOPMENT_TEAM = 3366448K3D;
				ENABLE_PREVIEWS = YES;
				GENERATE_INFOPLIST_FILE = YES;
				INFOPLIST_KEY_UIApplicationSceneManifest_Generation = YES;
				LD_RUNPATH_SEARCH_PATHS = (
					"$(inherited)",
					"@executable_path/Frameworks",
				);
				MARKETING_VERSION = 1.0;
				PRODUCT_BUNDLE_IDENTIFIER = "com.WildWildWeb.Bipi--Vision-Edition";
				PRODUCT_NAME = "$(TARGET_NAME)";
				SUPPORTED_PLATFORMS = "xros xrsimulator";
				SWIFT_EMIT_LOC_STRINGS = YES;
				SWIFT_VERSION = 5.0;
				TARGETED_DEVICE_FAMILY = "1,2,7";
			};
			name = Release;
		};
		CC0BB1442A4468DF0014D696 /* Debug */ = {
			isa = XCBuildConfiguration;
			buildSettings = {
				ALWAYS_EMBED_SWIFT_STANDARD_LIBRARIES = YES;
				BUNDLE_LOADER = "$(TEST_HOST)";
				CODE_SIGN_STYLE = Automatic;
				CURRENT_PROJECT_VERSION = 1;
				DEVELOPMENT_TEAM = 3366448K3D;
				GENERATE_INFOPLIST_FILE = YES;
				MARKETING_VERSION = 1.0;
				PRODUCT_BUNDLE_IDENTIFIER = "com.WildWildWeb.Bipi--Vision-EditionTests";
				PRODUCT_NAME = "$(TARGET_NAME)";
				SUPPORTED_PLATFORMS = "xros xrsimulator";
				SWIFT_EMIT_LOC_STRINGS = NO;
				SWIFT_VERSION = 5.0;
				TARGETED_DEVICE_FAMILY = "1,2,7";
				TEST_HOST = "$(BUILT_PRODUCTS_DIR)/Bipi! Vision Edition.app/$(BUNDLE_EXECUTABLE_FOLDER_PATH)/Bipi! Vision Edition";
				XROS_DEPLOYMENT_TARGET = 1.0;
			};
			name = Debug;
		};
		CC0BB1452A4468DF0014D696 /* Release */ = {
			isa = XCBuildConfiguration;
			buildSettings = {
				ALWAYS_EMBED_SWIFT_STANDARD_LIBRARIES = YES;
				BUNDLE_LOADER = "$(TEST_HOST)";
				CODE_SIGN_STYLE = Automatic;
				CURRENT_PROJECT_VERSION = 1;
				DEVELOPMENT_TEAM = 3366448K3D;
				GENERATE_INFOPLIST_FILE = YES;
				MARKETING_VERSION = 1.0;
				PRODUCT_BUNDLE_IDENTIFIER = "com.WildWildWeb.Bipi--Vision-EditionTests";
				PRODUCT_NAME = "$(TARGET_NAME)";
				SUPPORTED_PLATFORMS = "xros xrsimulator";
				SWIFT_EMIT_LOC_STRINGS = NO;
				SWIFT_VERSION = 5.0;
				TARGETED_DEVICE_FAMILY = "1,2,7";
				TEST_HOST = "$(BUILT_PRODUCTS_DIR)/Bipi! Vision Edition.app/$(BUNDLE_EXECUTABLE_FOLDER_PATH)/Bipi! Vision Edition";
				XROS_DEPLOYMENT_TARGET = 1.0;
			};
			name = Release;
		};
/* End XCBuildConfiguration section */

/* Begin XCConfigurationList section */
		CC0BB11F2A4468DE0014D696 /* Build configuration list for PBXProject "Bipi! Vision Edition" */ = {
			isa = XCConfigurationList;
			buildConfigurations = (
				CC0BB13E2A4468DF0014D696 /* Debug */,
				CC0BB13F2A4468DF0014D696 /* Release */,
			);
			defaultConfigurationIsVisible = 0;
			defaultConfigurationName = Release;
		};
		CC0BB1402A4468DF0014D696 /* Build configuration list for PBXNativeTarget "Bipi! Vision Edition" */ = {
			isa = XCConfigurationList;
			buildConfigurations = (
				CC0BB1412A4468DF0014D696 /* Debug */,
				CC0BB1422A4468DF0014D696 /* Release */,
			);
			defaultConfigurationIsVisible = 0;
			defaultConfigurationName = Release;
		};
		CC0BB1432A4468DF0014D696 /* Build configuration list for PBXNativeTarget "Bipi! Vision EditionTests" */ = {
			isa = XCConfigurationList;
			buildConfigurations = (
				CC0BB1442A4468DF0014D696 /* Debug */,
				CC0BB1452A4468DF0014D696 /* Release */,
			);
			defaultConfigurationIsVisible = 0;
			defaultConfigurationName = Release;
		};
/* End XCConfigurationList section */

/* Begin XCSwiftPackageProductDependency section */
		CC0BB1292A4468DE0014D696 /* RealityKitContent */ = {
			isa = XCSwiftPackageProductDependency;
			productName = RealityKitContent;
		};
/* End XCSwiftPackageProductDependency section */
	};
	rootObject = CC0BB11C2A4468DE0014D696 /* Project object */;
}
